
Microsoft Visual Studio Solution File, Format Version 12.00
# Visual Studio Version 17
VisualStudioVersion = 17.11.35219.272
MinimumVisualStudioVersion = 10.0.40219.1
Project("{9A19103F-16F7-4668-BE54-9A1E7A4F7556}") = "GameBy.Core", "GameBy.Core\GameBy.Core.csproj", "{45310E90-54D3-4252-9364-B724A5786C98}"
EndProject
Project("{9A19103F-16F7-4668-BE54-9A1E7A4F7556}") = "GamerProfileService", "GamerProfileService\GamerProfileService.csproj", "{B4178E1A-8BA3-4528-87FF-03CB15357D0E}"
EndProject
Project("{9A19103F-16F7-4668-BE54-9A1E7A4F7556}") = "GameBy.DataAccess", "GameBy.DataAccess\GameBy.DataAccess.csproj", "{9060E77B-4BA6-4511-95EF-A5FA3B310D00}"
EndProject
Project("{E53339B2-1760-4266-BCC7-CA923CBCF16C}") = "docker-compose", "docker-compose.dcproj", "{19AC5774-32E7-4F0C-882C-F4D2BDD7CF46}"
EndProject
Global
	GlobalSection(SolutionConfigurationPlatforms) = preSolution
		Debug|Any CPU = Debug|Any CPU
		Release|Any CPU = Release|Any CPU
	EndGlobalSection
	GlobalSection(ProjectConfigurationPlatforms) = postSolution
		{45310E90-54D3-4252-9364-B724A5786C98}.Debug|Any CPU.ActiveCfg = Debug|Any CPU
		{45310E90-54D3-4252-9364-B724A5786C98}.Debug|Any CPU.Build.0 = Debug|Any CPU
		{45310E90-54D3-4252-9364-B724A5786C98}.Release|Any CPU.ActiveCfg = Release|Any CPU
		{45310E90-54D3-4252-9364-B724A5786C98}.Release|Any CPU.Build.0 = Release|Any CPU
		{B4178E1A-8BA3-4528-87FF-03CB15357D0E}.Debug|Any CPU.ActiveCfg = Debug|Any CPU
		{B4178E1A-8BA3-4528-87FF-03CB15357D0E}.Debug|Any CPU.Build.0 = Debug|Any CPU
		{B4178E1A-8BA3-4528-87FF-03CB15357D0E}.Release|Any CPU.ActiveCfg = Release|Any CPU
		{B4178E1A-8BA3-4528-87FF-03CB15357D0E}.Release|Any CPU.Build.0 = Release|Any CPU
		{9060E77B-4BA6-4511-95EF-A5FA3B310D00}.Debug|Any CPU.ActiveCfg = Debug|Any CPU
		{9060E77B-4BA6-4511-95EF-A5FA3B310D00}.Debug|Any CPU.Build.0 = Debug|Any CPU
		{9060E77B-4BA6-4511-95EF-A5FA3B310D00}.Release|Any CPU.ActiveCfg = Release|Any CPU
		{9060E77B-4BA6-4511-95EF-A5FA3B310D00}.Release|Any CPU.Build.0 = Release|Any CPU
		{19AC5774-32E7-4F0C-882C-F4D2BDD7CF46}.Debug|Any CPU.ActiveCfg = Debug|Any CPU
		{19AC5774-32E7-4F0C-882C-F4D2BDD7CF46}.Debug|Any CPU.Build.0 = Debug|Any CPU
		{19AC5774-32E7-4F0C-882C-F4D2BDD7CF46}.Release|Any CPU.ActiveCfg = Release|Any CPU
		{19AC5774-32E7-4F0C-882C-F4D2BDD7CF46}.Release|Any CPU.Build.0 = Release|Any CPU
	EndGlobalSection
	GlobalSection(SolutionProperties) = preSolution
		HideSolutionNode = FALSE
	EndGlobalSection
	GlobalSection(ExtensibilityGlobals) = postSolution
		SolutionGuid = {96259494-9A66-43ED-A210-9B512751B98A}
	EndGlobalSection
EndGlobal
